
Microsoft Visual Studio Solution File, Format Version 12.00
# Visual Studio Version 16
VisualStudioVersion = 16.0.29806.167
MinimumVisualStudioVersion = 10.0.40219.1
Project("{F2A71F9B-5D33-465A-A702-920D77279786}") = "QmlDemo", "QmlDemo\QmlDemo.fsproj", "{35C28FFA-2758-44CA-8845-F8D88A883F78}"
EndProject
Global
	GlobalSection(SolutionConfigurationPlatforms) = preSolution
		Debug|Any CPU = Debug|Any CPU
		Release|Any CPU = Release|Any CPU
	EndGlobalSection
	GlobalSection(ProjectConfigurationPlatforms) = postSolution
		{35C28FFA-2758-44CA-8845-F8D88A883F78}.Debug|Any CPU.ActiveCfg = Debug|Any CPU
		{35C28FFA-2758-44CA-8845-F8D88A883F78}.Debug|Any CPU.Build.0 = Debug|Any CPU
		{35C28FFA-2758-44CA-8845-F8D88A883F78}.Release|Any CPU.ActiveCfg = Release|Any CPU
		{35C28FFA-2758-44CA-8845-F8D88A883F78}.Release|Any CPU.Build.0 = Release|Any CPU
	EndGlobalSection
	GlobalSection(SolutionProperties) = preSolution
		HideSolutionNode = FALSE
	EndGlobalSection
	GlobalSection(ExtensibilityGlobals) = postSolution
		SolutionGuid = {6A67C60D-B74C-4486-9BD2-173FADBDCA39}
	EndGlobalSection
EndGlobal
