
Microsoft Visual Studio Solution File, Format Version 12.00
# Visual Studio 15
VisualStudioVersion = 15.0.28307.1000
MinimumVisualStudioVersion = 10.0.40219.1
Project("{F2A71F9B-5D33-465A-A702-920D77279786}") = "DSLSample", "DSLSample\DSLSample.fsproj", "{70EC425B-E4BC-4F92-82BA-522BE1270BC2}"
EndProject
Global
	GlobalSection(SolutionConfigurationPlatforms) = preSolution
		Debug|Any CPU = Debug|Any CPU
		Release|Any CPU = Release|Any CPU
	EndGlobalSection
	GlobalSection(ProjectConfigurationPlatforms) = postSolution
		{70EC425B-E4BC-4F92-82BA-522BE1270BC2}.Debug|Any CPU.ActiveCfg = Debug|Any CPU
		{70EC425B-E4BC-4F92-82BA-522BE1270BC2}.Debug|Any CPU.Build.0 = Debug|Any CPU
		{70EC425B-E4BC-4F92-82BA-522BE1270BC2}.Release|Any CPU.ActiveCfg = Release|Any CPU
		{70EC425B-E4BC-4F92-82BA-522BE1270BC2}.Release|Any CPU.Build.0 = Release|Any CPU
	EndGlobalSection
	GlobalSection(SolutionProperties) = preSolution
		HideSolutionNode = FALSE
	EndGlobalSection
	GlobalSection(ExtensibilityGlobals) = postSolution
		SolutionGuid = {C856C825-5901-4A35-8C46-649E80DC8959}
	EndGlobalSection
EndGlobal
