Microsoft Visual Studio Solution File, Format Version 12.00
# Visual Studio 2013
VisualStudioVersion = 12.0.31101.0
MinimumVisualStudioVersion = 10.0.40219.1
Project("{2150E333-8FDC-42A3-9474-1A3956D46DE8}") = ".paket", ".paket", "{63297B98-5CED-492C-A5B7-A5B4F73CF142}"
	ProjectSection(SolutionItems) = preProject
		paket.dependencies = paket.dependencies
	EndProjectSection
EndProject
Project("{F2A71F9B-5D33-465A-A702-920D77279786}") = "LemonadeProvider.Runtime", "src\LemonadeProvider.Runtime\LemonadeProvider.Runtime.fsproj", "{9468D7C1-C7A3-46EE-9FF3-574C5079B586}"
EndProject
Project("{F2A71F9B-5D33-465A-A702-920D77279786}") = "LemonadeProvider.DesignTime", "src\LemonadeProvider.DesignTime\LemonadeProvider.DesignTime.fsproj", "{77FCAAAA-F130-4F94-9156-2AAAAF42A34D}"
EndProject
Project("{2150E333-8FDC-42A3-9474-1A3956D46DE8}") = "tests", "tests", "{ED8079DD-2B06-4030-9F0F-DC548F98E1C4}"
EndProject
Project("{F2A71F9B-5D33-465A-A702-920D77279786}") = "LemonadeProvider.Tests", "tests\LemonadeProvider.Tests\LemonadeProvider.Tests.fsproj", "{5A71AC93-C2D9-48B1-8C8E-F331E04F078D}"
EndProject
Global
	GlobalSection(SolutionConfigurationPlatforms) = preSolution
		Debug|Any CPU = Debug|Any CPU
		Release|Any CPU = Release|Any CPU
	EndGlobalSection
	GlobalSection(ProjectConfigurationPlatforms) = postSolution
		{9468D7C1-C7A3-46EE-9FF3-574C5079B586}.Debug|Any CPU.ActiveCfg = Debug|Any CPU
		{9468D7C1-C7A3-46EE-9FF3-574C5079B586}.Debug|Any CPU.Build.0 = Debug|Any CPU
		{9468D7C1-C7A3-46EE-9FF3-574C5079B586}.Release|Any CPU.ActiveCfg = Release|Any CPU
		{9468D7C1-C7A3-46EE-9FF3-574C5079B586}.Release|Any CPU.Build.0 = Release|Any CPU
		{77FCAAAA-F130-4F94-9156-2AAAAF42A34D}.Debug|Any CPU.ActiveCfg = Debug|Any CPU
		{77FCAAAA-F130-4F94-9156-2AAAAF42A34D}.Debug|Any CPU.Build.0 = Debug|Any CPU
		{77FCAAAA-F130-4F94-9156-2AAAAF42A34D}.Release|Any CPU.ActiveCfg = Release|Any CPU
		{77FCAAAA-F130-4F94-9156-2AAAAF42A34D}.Release|Any CPU.Build.0 = Release|Any CPU
		{5A71AC93-C2D9-48B1-8C8E-F331E04F078D}.Debug|Any CPU.ActiveCfg = Debug|Any CPU
		{5A71AC93-C2D9-48B1-8C8E-F331E04F078D}.Debug|Any CPU.Build.0 = Debug|Any CPU
		{5A71AC93-C2D9-48B1-8C8E-F331E04F078D}.Release|Any CPU.ActiveCfg = Release|Any CPU
		{5A71AC93-C2D9-48B1-8C8E-F331E04F078D}.Release|Any CPU.Build.0 = Release|Any CPU
	EndGlobalSection
	GlobalSection(SolutionProperties) = preSolution
		HideSolutionNode = FALSE
	EndGlobalSection
	GlobalSection(NestedProjects) = preSolution
		{5A71AC93-C2D9-48B1-8C8E-F331E04F078D} = {ED8079DD-2B06-4030-9F0F-DC548F98E1C4}
	EndGlobalSection
EndGlobal
